
Microsoft Visual Studio Solution File, Format Version 12.00
# Visual Studio 15
VisualStudioVersion = 15.0.27130.2020
MinimumVisualStudioVersion = 10.0.40219.1
Project("{9A19103F-16F7-4668-BE54-9A1E7A4F7556}") = "LinqBuilder", "src\LinqBuilder\LinqBuilder.csproj", "{8FE1E60D-7D6B-44F0-9CC4-5E41B70F03A9}"
EndProject
Project("{9A19103F-16F7-4668-BE54-9A1E7A4F7556}") = "LinqBuilder.Tests", "test\LinqBuilder.Tests\LinqBuilder.Tests.csproj", "{749A19C0-9689-4046-9EED-99651D9B413A}"
EndProject
Project("{9A19103F-16F7-4668-BE54-9A1E7A4F7556}") = "LinqBuilder.OrderBy", "src\LinqBuilder.OrderBy\LinqBuilder.OrderBy.csproj", "{33BE27F2-755E-438D-AB2E-9EB3ED3D8EDF}"
EndProject
Project("{9A19103F-16F7-4668-BE54-9A1E7A4F7556}") = "LinqBuilder.OrderBy.Tests", "test\LinqBuilder.OrderBy.Tests\LinqBuilder.OrderBy.Tests.csproj", "{755BCA0D-04F6-44D4-8473-FC9B38F5E470}"
EndProject
Project("{2150E333-8FDC-42A3-9474-1A3956D46DE8}") = "Solution Items", "Solution Items", "{E9CE7133-E0CC-469B-81F9-529EE0AE003D}"
	ProjectSection(SolutionItems) = preProject
		.gitattributes = .gitattributes
		.gitignore = .gitignore
		appveyor.yml = appveyor.yml
		build.cake = build.cake
		build.ps1 = build.ps1
		build.sh = build.sh
		GitVersion.yml = GitVersion.yml
		LICENSE.txt = LICENSE.txt
		README.md = README.md
	EndProjectSection
EndProject
Project("{2150E333-8FDC-42A3-9474-1A3956D46DE8}") = "src", "src", "{DAB01770-8D12-4638-9BBA-ABC31C2A2D6E}"
EndProject
Project("{2150E333-8FDC-42A3-9474-1A3956D46DE8}") = "test", "test", "{C9B69233-2086-42C0-BE0E-A7B7EA1934EA}"
EndProject
Project("{2150E333-8FDC-42A3-9474-1A3956D46DE8}") = "tools", "tools", "{67E8545C-0F2B-4E3D-A6F7-FE3A03AAF644}"
	ProjectSection(SolutionItems) = preProject
		tools\packages.config = tools\packages.config
	EndProjectSection
EndProject
Project("{9A19103F-16F7-4668-BE54-9A1E7A4F7556}") = "LinqBuilder.EF6", "src\LinqBuilder.EF6\LinqBuilder.EF6.csproj", "{F0DDC57B-F7AF-403C-9C18-D2CBA4C769D5}"
EndProject
Project("{9A19103F-16F7-4668-BE54-9A1E7A4F7556}") = "LinqBuilder.EFCore", "src\LinqBuilder.EFCore\LinqBuilder.EFCore.csproj", "{C496F944-92FD-410D-ABB1-019F640D6C79}"
EndProject
Project("{9A19103F-16F7-4668-BE54-9A1E7A4F7556}") = "LinqBuilder.EFCore.Tests", "test\LinqBuilder.EFCore.Tests\LinqBuilder.EFCore.Tests.csproj", "{3E0B788B-2B01-4F27-B2FD-12FAEDD8C88A}"
EndProject
Project("{9A19103F-16F7-4668-BE54-9A1E7A4F7556}") = "LinqBuilder.EF6.Tests", "test\LinqBuilder.EF6.Tests\LinqBuilder.EF6.Tests.csproj", "{318A1093-3885-4E30-BF3D-F7D331F4A626}"
EndProject
Project("{2150E333-8FDC-42A3-9474-1A3956D46DE8}") = ".vscode", ".vscode", "{9D486D51-00D2-47A0-87EA-3128DC8A12AF}"
	ProjectSection(SolutionItems) = preProject
		.vscode\extensions.json = .vscode\extensions.json
		.vscode\settings.json = .vscode\settings.json
		.vscode\tasks.json = .vscode\tasks.json
	EndProjectSection
EndProject
Global
	GlobalSection(SolutionConfigurationPlatforms) = preSolution
		Debug|Any CPU = Debug|Any CPU
		Release|Any CPU = Release|Any CPU
	EndGlobalSection
	GlobalSection(ProjectConfigurationPlatforms) = postSolution
		{8FE1E60D-7D6B-44F0-9CC4-5E41B70F03A9}.Debug|Any CPU.ActiveCfg = Debug|Any CPU
		{8FE1E60D-7D6B-44F0-9CC4-5E41B70F03A9}.Debug|Any CPU.Build.0 = Debug|Any CPU
		{8FE1E60D-7D6B-44F0-9CC4-5E41B70F03A9}.Release|Any CPU.ActiveCfg = Release|Any CPU
		{8FE1E60D-7D6B-44F0-9CC4-5E41B70F03A9}.Release|Any CPU.Build.0 = Release|Any CPU
		{749A19C0-9689-4046-9EED-99651D9B413A}.Debug|Any CPU.ActiveCfg = Debug|Any CPU
		{749A19C0-9689-4046-9EED-99651D9B413A}.Debug|Any CPU.Build.0 = Debug|Any CPU
		{749A19C0-9689-4046-9EED-99651D9B413A}.Release|Any CPU.ActiveCfg = Release|Any CPU
		{749A19C0-9689-4046-9EED-99651D9B413A}.Release|Any CPU.Build.0 = Release|Any CPU
		{33BE27F2-755E-438D-AB2E-9EB3ED3D8EDF}.Debug|Any CPU.ActiveCfg = Debug|Any CPU
		{33BE27F2-755E-438D-AB2E-9EB3ED3D8EDF}.Debug|Any CPU.Build.0 = Debug|Any CPU
		{33BE27F2-755E-438D-AB2E-9EB3ED3D8EDF}.Release|Any CPU.ActiveCfg = Release|Any CPU
		{33BE27F2-755E-438D-AB2E-9EB3ED3D8EDF}.Release|Any CPU.Build.0 = Release|Any CPU
		{755BCA0D-04F6-44D4-8473-FC9B38F5E470}.Debug|Any CPU.ActiveCfg = Debug|Any CPU
		{755BCA0D-04F6-44D4-8473-FC9B38F5E470}.Debug|Any CPU.Build.0 = Debug|Any CPU
		{755BCA0D-04F6-44D4-8473-FC9B38F5E470}.Release|Any CPU.ActiveCfg = Release|Any CPU
		{755BCA0D-04F6-44D4-8473-FC9B38F5E470}.Release|Any CPU.Build.0 = Release|Any CPU
		{F0DDC57B-F7AF-403C-9C18-D2CBA4C769D5}.Debug|Any CPU.ActiveCfg = Debug|Any CPU
		{F0DDC57B-F7AF-403C-9C18-D2CBA4C769D5}.Debug|Any CPU.Build.0 = Debug|Any CPU
		{F0DDC57B-F7AF-403C-9C18-D2CBA4C769D5}.Release|Any CPU.ActiveCfg = Release|Any CPU
		{F0DDC57B-F7AF-403C-9C18-D2CBA4C769D5}.Release|Any CPU.Build.0 = Release|Any CPU
		{C496F944-92FD-410D-ABB1-019F640D6C79}.Debug|Any CPU.ActiveCfg = Debug|Any CPU
		{C496F944-92FD-410D-ABB1-019F640D6C79}.Debug|Any CPU.Build.0 = Debug|Any CPU
		{C496F944-92FD-410D-ABB1-019F640D6C79}.Release|Any CPU.ActiveCfg = Release|Any CPU
		{C496F944-92FD-410D-ABB1-019F640D6C79}.Release|Any CPU.Build.0 = Release|Any CPU
		{3E0B788B-2B01-4F27-B2FD-12FAEDD8C88A}.Debug|Any CPU.ActiveCfg = Debug|Any CPU
		{3E0B788B-2B01-4F27-B2FD-12FAEDD8C88A}.Debug|Any CPU.Build.0 = Debug|Any CPU
		{3E0B788B-2B01-4F27-B2FD-12FAEDD8C88A}.Release|Any CPU.ActiveCfg = Release|Any CPU
		{3E0B788B-2B01-4F27-B2FD-12FAEDD8C88A}.Release|Any CPU.Build.0 = Release|Any CPU
		{318A1093-3885-4E30-BF3D-F7D331F4A626}.Debug|Any CPU.ActiveCfg = Debug|Any CPU
		{318A1093-3885-4E30-BF3D-F7D331F4A626}.Debug|Any CPU.Build.0 = Debug|Any CPU
		{318A1093-3885-4E30-BF3D-F7D331F4A626}.Release|Any CPU.ActiveCfg = Release|Any CPU
		{318A1093-3885-4E30-BF3D-F7D331F4A626}.Release|Any CPU.Build.0 = Release|Any CPU
	EndGlobalSection
	GlobalSection(SolutionProperties) = preSolution
		HideSolutionNode = FALSE
	EndGlobalSection
	GlobalSection(NestedProjects) = preSolution
		{8FE1E60D-7D6B-44F0-9CC4-5E41B70F03A9} = {DAB01770-8D12-4638-9BBA-ABC31C2A2D6E}
		{749A19C0-9689-4046-9EED-99651D9B413A} = {C9B69233-2086-42C0-BE0E-A7B7EA1934EA}
		{33BE27F2-755E-438D-AB2E-9EB3ED3D8EDF} = {DAB01770-8D12-4638-9BBA-ABC31C2A2D6E}
		{755BCA0D-04F6-44D4-8473-FC9B38F5E470} = {C9B69233-2086-42C0-BE0E-A7B7EA1934EA}
		{67E8545C-0F2B-4E3D-A6F7-FE3A03AAF644} = {E9CE7133-E0CC-469B-81F9-529EE0AE003D}
		{F0DDC57B-F7AF-403C-9C18-D2CBA4C769D5} = {DAB01770-8D12-4638-9BBA-ABC31C2A2D6E}
		{C496F944-92FD-410D-ABB1-019F640D6C79} = {DAB01770-8D12-4638-9BBA-ABC31C2A2D6E}
		{3E0B788B-2B01-4F27-B2FD-12FAEDD8C88A} = {C9B69233-2086-42C0-BE0E-A7B7EA1934EA}
		{318A1093-3885-4E30-BF3D-F7D331F4A626} = {C9B69233-2086-42C0-BE0E-A7B7EA1934EA}
		{9D486D51-00D2-47A0-87EA-3128DC8A12AF} = {E9CE7133-E0CC-469B-81F9-529EE0AE003D}
	EndGlobalSection
	GlobalSection(ExtensibilityGlobals) = postSolution
		SolutionGuid = {4029E7C4-F013-4A5C-A3A7-9BD01FA6ED4A}
	EndGlobalSection
EndGlobal
