
Microsoft Visual Studio Solution File, Format Version 12.00
# Visual Studio 15
VisualStudioVersion = 15.0.27130.2020
MinimumVisualStudioVersion = 10.0.40219.1
Project("{9A19103F-16F7-4668-BE54-9A1E7A4F7556}") = "LinqBuilder", "src\LinqBuilder\LinqBuilder.csproj", "{8FE1E60D-7D6B-44F0-9CC4-5E41B70F03A9}"
EndProject
Project("{9A19103F-16F7-4668-BE54-9A1E7A4F7556}") = "LinqBuilder.Tests", "src\LinqBuilder.Tests\LinqBuilder.Tests.csproj", "{749A19C0-9689-4046-9EED-99651D9B413A}"
EndProject
Project("{2150E333-8FDC-42A3-9474-1A3956D46DE8}") = "Solution Items", "Solution Items", "{E9CE7133-E0CC-469B-81F9-529EE0AE003D}"
	ProjectSection(SolutionItems) = preProject
		.editorconfig = .editorconfig
		.gitattributes = .gitattributes
		.gitignore = .gitignore
		appveyor.yml = appveyor.yml
		Directory.Build.props = Directory.Build.props
		GitVersion.yml = GitVersion.yml
		LICENSE.txt = LICENSE.txt
		README.md = README.md
		stylecop.json = stylecop.json
	EndProjectSection
EndProject
Project("{2150E333-8FDC-42A3-9474-1A3956D46DE8}") = "src", "src", "{DAB01770-8D12-4638-9BBA-ABC31C2A2D6E}"
EndProject
Project("{9A19103F-16F7-4668-BE54-9A1E7A4F7556}") = "LinqBuilder.EF6", "src\EF6\LinqBuilder.EF6\LinqBuilder.EF6.csproj", "{F0DDC57B-F7AF-403C-9C18-D2CBA4C769D5}"
EndProject
Project("{9A19103F-16F7-4668-BE54-9A1E7A4F7556}") = "LinqBuilder.EFCore", "src\EFCore\LinqBuilder.EFCore\LinqBuilder.EFCore.csproj", "{C496F944-92FD-410D-ABB1-019F640D6C79}"
EndProject
Project("{9A19103F-16F7-4668-BE54-9A1E7A4F7556}") = "LinqBuilder.EFCore.Tests", "src\EFCore\LinqBuilder.EFCore.Tests\LinqBuilder.EFCore.Tests.csproj", "{3E0B788B-2B01-4F27-B2FD-12FAEDD8C88A}"
EndProject
Project("{9A19103F-16F7-4668-BE54-9A1E7A4F7556}") = "LinqBuilder.EF6.Tests", "src\EF6\LinqBuilder.EF6.Tests\LinqBuilder.EF6.Tests.csproj", "{318A1093-3885-4E30-BF3D-F7D331F4A626}"
EndProject
Project("{2150E333-8FDC-42A3-9474-1A3956D46DE8}") = ".vscode", ".vscode", "{9D486D51-00D2-47A0-87EA-3128DC8A12AF}"
	ProjectSection(SolutionItems) = preProject
		.vscode\extensions.json = .vscode\extensions.json
		.vscode\settings.json = .vscode\settings.json
	EndProjectSection
EndProject
Project("{FAE04EC0-301F-11D3-BF4B-00C04F79EFBC}") = "LinqBuilder.EF6.Testing", "src\EF6\LinqBuilder.EF6.Testing\LinqBuilder.EF6.Testing.csproj", "{DA986177-A823-4CAC-8BC6-5A6E6F0D78BD}"
EndProject
Project("{FAE04EC0-301F-11D3-BF4B-00C04F79EFBC}") = "LinqBuilder.EFCore.Testing", "src\EFCore\LinqBuilder.EFCore.Testing\LinqBuilder.EFCore.Testing.csproj", "{B3877216-1AD6-49DF-9B54-5C3D1EAFC83F}"
EndProject
Project("{2150E333-8FDC-42A3-9474-1A3956D46DE8}") = "rulesets", "rulesets", "{2EE7C4BC-98E8-47E9-BDB5-F06D9FB0101C}"
ProjectSection(SolutionItems) = preProject
	rulesets\tests.ruleset = rulesets\tests.ruleset
	rulesets\testing.ruleset = rulesets\testing.ruleset
EndProjectSection
EndProject
Project("{2150E333-8FDC-42A3-9474-1A3956D46DE8}") = "EF6", "EF6", "{BAF26E71-25FB-4E1C-ADF2-E9F8C2E78661}"
EndProject
Project("{2150E333-8FDC-42A3-9474-1A3956D46DE8}") = "EFCore", "EFCore", "{865F6FAD-36D3-4675-9191-3AEBF9E717B2}"
EndProject
Project("{FAE04EC0-301F-11D3-BF4B-00C04F79EFBC}") = "LinqBuilder.Testing", "src\LinqBuilder.Testing\LinqBuilder.Testing.csproj", "{CEBC6860-1C1F-4783-BAE5-EA901B24F9AD}"
EndProject
Project("{9A19103F-16F7-4668-BE54-9A1E7A4F7556}") = "_build", "build\_build.csproj", "{11A7E48F-5E13-4957-B055-8A6EB24FE6C6}"
EndProject
Global
	GlobalSection(SolutionConfigurationPlatforms) = preSolution
		Debug|Any CPU = Debug|Any CPU
		Release|Any CPU = Release|Any CPU
	EndGlobalSection
	GlobalSection(ProjectConfigurationPlatforms) = postSolution
		{11A7E48F-5E13-4957-B055-8A6EB24FE6C6}.Debug|Any CPU.ActiveCfg = Debug|Any CPU
		{11A7E48F-5E13-4957-B055-8A6EB24FE6C6}.Release|Any CPU.ActiveCfg = Release|Any CPU
		{8FE1E60D-7D6B-44F0-9CC4-5E41B70F03A9}.Debug|Any CPU.ActiveCfg = Debug|Any CPU
		{8FE1E60D-7D6B-44F0-9CC4-5E41B70F03A9}.Debug|Any CPU.Build.0 = Debug|Any CPU
		{8FE1E60D-7D6B-44F0-9CC4-5E41B70F03A9}.Release|Any CPU.ActiveCfg = Release|Any CPU
		{8FE1E60D-7D6B-44F0-9CC4-5E41B70F03A9}.Release|Any CPU.Build.0 = Release|Any CPU
		{749A19C0-9689-4046-9EED-99651D9B413A}.Debug|Any CPU.ActiveCfg = Debug|Any CPU
		{749A19C0-9689-4046-9EED-99651D9B413A}.Debug|Any CPU.Build.0 = Debug|Any CPU
		{749A19C0-9689-4046-9EED-99651D9B413A}.Release|Any CPU.ActiveCfg = Release|Any CPU
		{749A19C0-9689-4046-9EED-99651D9B413A}.Release|Any CPU.Build.0 = Release|Any CPU
		{F0DDC57B-F7AF-403C-9C18-D2CBA4C769D5}.Debug|Any CPU.ActiveCfg = Debug|Any CPU
		{F0DDC57B-F7AF-403C-9C18-D2CBA4C769D5}.Debug|Any CPU.Build.0 = Debug|Any CPU
		{F0DDC57B-F7AF-403C-9C18-D2CBA4C769D5}.Release|Any CPU.ActiveCfg = Release|Any CPU
		{F0DDC57B-F7AF-403C-9C18-D2CBA4C769D5}.Release|Any CPU.Build.0 = Release|Any CPU
		{C496F944-92FD-410D-ABB1-019F640D6C79}.Debug|Any CPU.ActiveCfg = Debug|Any CPU
		{C496F944-92FD-410D-ABB1-019F640D6C79}.Debug|Any CPU.Build.0 = Debug|Any CPU
		{C496F944-92FD-410D-ABB1-019F640D6C79}.Release|Any CPU.ActiveCfg = Release|Any CPU
		{C496F944-92FD-410D-ABB1-019F640D6C79}.Release|Any CPU.Build.0 = Release|Any CPU
		{3E0B788B-2B01-4F27-B2FD-12FAEDD8C88A}.Debug|Any CPU.ActiveCfg = Debug|Any CPU
		{3E0B788B-2B01-4F27-B2FD-12FAEDD8C88A}.Debug|Any CPU.Build.0 = Debug|Any CPU
		{3E0B788B-2B01-4F27-B2FD-12FAEDD8C88A}.Release|Any CPU.ActiveCfg = Release|Any CPU
		{3E0B788B-2B01-4F27-B2FD-12FAEDD8C88A}.Release|Any CPU.Build.0 = Release|Any CPU
		{318A1093-3885-4E30-BF3D-F7D331F4A626}.Debug|Any CPU.ActiveCfg = Debug|Any CPU
		{318A1093-3885-4E30-BF3D-F7D331F4A626}.Debug|Any CPU.Build.0 = Debug|Any CPU
		{318A1093-3885-4E30-BF3D-F7D331F4A626}.Release|Any CPU.ActiveCfg = Release|Any CPU
		{318A1093-3885-4E30-BF3D-F7D331F4A626}.Release|Any CPU.Build.0 = Release|Any CPU
		{DA986177-A823-4CAC-8BC6-5A6E6F0D78BD}.Debug|Any CPU.ActiveCfg = Debug|Any CPU
		{DA986177-A823-4CAC-8BC6-5A6E6F0D78BD}.Debug|Any CPU.Build.0 = Debug|Any CPU
		{DA986177-A823-4CAC-8BC6-5A6E6F0D78BD}.Release|Any CPU.ActiveCfg = Release|Any CPU
		{DA986177-A823-4CAC-8BC6-5A6E6F0D78BD}.Release|Any CPU.Build.0 = Release|Any CPU
		{B3877216-1AD6-49DF-9B54-5C3D1EAFC83F}.Debug|Any CPU.ActiveCfg = Debug|Any CPU
		{B3877216-1AD6-49DF-9B54-5C3D1EAFC83F}.Debug|Any CPU.Build.0 = Debug|Any CPU
		{B3877216-1AD6-49DF-9B54-5C3D1EAFC83F}.Release|Any CPU.ActiveCfg = Release|Any CPU
		{B3877216-1AD6-49DF-9B54-5C3D1EAFC83F}.Release|Any CPU.Build.0 = Release|Any CPU
		{CEBC6860-1C1F-4783-BAE5-EA901B24F9AD}.Debug|Any CPU.ActiveCfg = Debug|Any CPU
		{CEBC6860-1C1F-4783-BAE5-EA901B24F9AD}.Debug|Any CPU.Build.0 = Debug|Any CPU
		{CEBC6860-1C1F-4783-BAE5-EA901B24F9AD}.Release|Any CPU.ActiveCfg = Release|Any CPU
		{CEBC6860-1C1F-4783-BAE5-EA901B24F9AD}.Release|Any CPU.Build.0 = Release|Any CPU
	EndGlobalSection
	GlobalSection(SolutionProperties) = preSolution
		HideSolutionNode = FALSE
	EndGlobalSection
	GlobalSection(NestedProjects) = preSolution
		{9D486D51-00D2-47A0-87EA-3128DC8A12AF} = {E9CE7133-E0CC-469B-81F9-529EE0AE003D}
		{8FE1E60D-7D6B-44F0-9CC4-5E41B70F03A9} = {DAB01770-8D12-4638-9BBA-ABC31C2A2D6E}
		{749A19C0-9689-4046-9EED-99651D9B413A} = {DAB01770-8D12-4638-9BBA-ABC31C2A2D6E}
		{2EE7C4BC-98E8-47E9-BDB5-F06D9FB0101C} = {E9CE7133-E0CC-469B-81F9-529EE0AE003D}
		{BAF26E71-25FB-4E1C-ADF2-E9F8C2E78661} = {DAB01770-8D12-4638-9BBA-ABC31C2A2D6E}
		{865F6FAD-36D3-4675-9191-3AEBF9E717B2} = {DAB01770-8D12-4638-9BBA-ABC31C2A2D6E}
		{F0DDC57B-F7AF-403C-9C18-D2CBA4C769D5} = {BAF26E71-25FB-4E1C-ADF2-E9F8C2E78661}
		{DA986177-A823-4CAC-8BC6-5A6E6F0D78BD} = {BAF26E71-25FB-4E1C-ADF2-E9F8C2E78661}
		{318A1093-3885-4E30-BF3D-F7D331F4A626} = {BAF26E71-25FB-4E1C-ADF2-E9F8C2E78661}
		{C496F944-92FD-410D-ABB1-019F640D6C79} = {865F6FAD-36D3-4675-9191-3AEBF9E717B2}
		{B3877216-1AD6-49DF-9B54-5C3D1EAFC83F} = {865F6FAD-36D3-4675-9191-3AEBF9E717B2}
		{3E0B788B-2B01-4F27-B2FD-12FAEDD8C88A} = {865F6FAD-36D3-4675-9191-3AEBF9E717B2}
		{CEBC6860-1C1F-4783-BAE5-EA901B24F9AD} = {DAB01770-8D12-4638-9BBA-ABC31C2A2D6E}
	EndGlobalSection
	GlobalSection(ExtensibilityGlobals) = postSolution
		SolutionGuid = {4029E7C4-F013-4A5C-A3A7-9BD01FA6ED4A}
	EndGlobalSection
EndGlobal
