
Microsoft Visual Studio Solution File, Format Version 12.00
# Visual Studio 15
VisualStudioVersion = 15.0.27130.2020
MinimumVisualStudioVersion = 10.0.40219.1
Project("{9A19103F-16F7-4668-BE54-9A1E7A4F7556}") = "LinqBuilder.Specifications", "src\LinqBuilder.Specifications\LinqBuilder.Specifications.csproj", "{8FE1E60D-7D6B-44F0-9CC4-5E41B70F03A9}"
EndProject
Project("{9A19103F-16F7-4668-BE54-9A1E7A4F7556}") = "LinqBuilder.Specifications.Tests", "test\LinqBuilder.Specifications.Tests\LinqBuilder.Specifications.Tests.csproj", "{749A19C0-9689-4046-9EED-99651D9B413A}"
EndProject
Project("{9A19103F-16F7-4668-BE54-9A1E7A4F7556}") = "LinqBuilder.OrderSpecifications", "src\LinqBuilder.OrderSpecifications\LinqBuilder.OrderSpecifications.csproj", "{33BE27F2-755E-438D-AB2E-9EB3ED3D8EDF}"
EndProject
Project("{9A19103F-16F7-4668-BE54-9A1E7A4F7556}") = "LinqBuilder.OrderSpecifications.Tests", "test\LinqBuilder.OrderSpecifications.Tests\LinqBuilder.OrderSpecifications.Tests.csproj", "{755BCA0D-04F6-44D4-8473-FC9B38F5E470}"
EndProject
Project("{2150E333-8FDC-42A3-9474-1A3956D46DE8}") = "Solution Items", "Solution Items", "{E9CE7133-E0CC-469B-81F9-529EE0AE003D}"
	ProjectSection(SolutionItems) = preProject
		.gitattributes = .gitattributes
		.gitignore = .gitignore
		appveyor.yml = appveyor.yml
		build.cake = build.cake
		build.ps1 = build.ps1
		GitVersion.yml = GitVersion.yml
		LICENSE.txt = LICENSE.txt
		README.md = README.md
		build.sh = build.sh
	EndProjectSection
EndProject
Project("{2150E333-8FDC-42A3-9474-1A3956D46DE8}") = "src", "src", "{DAB01770-8D12-4638-9BBA-ABC31C2A2D6E}"
EndProject
Project("{2150E333-8FDC-42A3-9474-1A3956D46DE8}") = "test", "test", "{C9B69233-2086-42C0-BE0E-A7B7EA1934EA}"
EndProject
Project("{9A19103F-16F7-4668-BE54-9A1E7A4F7556}") = "LinqBuilder.IntegrationTests", "test\LinqBuilder.IntegrationTests\LinqBuilder.IntegrationTests.csproj", "{3205DA38-50D4-45C2-80FF-AF4237122BDC}"
EndProject
Project("{2150E333-8FDC-42A3-9474-1A3956D46DE8}") = "tools", "tools", "{67E8545C-0F2B-4E3D-A6F7-FE3A03AAF644}"
	ProjectSection(SolutionItems) = preProject
		tools\packages.config = tools\packages.config
	EndProjectSection
EndProject
Global
	GlobalSection(SolutionConfigurationPlatforms) = preSolution
		Debug|Any CPU = Debug|Any CPU
		Release|Any CPU = Release|Any CPU
	EndGlobalSection
	GlobalSection(ProjectConfigurationPlatforms) = postSolution
		{8FE1E60D-7D6B-44F0-9CC4-5E41B70F03A9}.Debug|Any CPU.ActiveCfg = Debug|Any CPU
		{8FE1E60D-7D6B-44F0-9CC4-5E41B70F03A9}.Debug|Any CPU.Build.0 = Debug|Any CPU
		{8FE1E60D-7D6B-44F0-9CC4-5E41B70F03A9}.Release|Any CPU.ActiveCfg = Release|Any CPU
		{8FE1E60D-7D6B-44F0-9CC4-5E41B70F03A9}.Release|Any CPU.Build.0 = Release|Any CPU
		{749A19C0-9689-4046-9EED-99651D9B413A}.Debug|Any CPU.ActiveCfg = Debug|Any CPU
		{749A19C0-9689-4046-9EED-99651D9B413A}.Debug|Any CPU.Build.0 = Debug|Any CPU
		{749A19C0-9689-4046-9EED-99651D9B413A}.Release|Any CPU.ActiveCfg = Release|Any CPU
		{749A19C0-9689-4046-9EED-99651D9B413A}.Release|Any CPU.Build.0 = Release|Any CPU
		{33BE27F2-755E-438D-AB2E-9EB3ED3D8EDF}.Debug|Any CPU.ActiveCfg = Debug|Any CPU
		{33BE27F2-755E-438D-AB2E-9EB3ED3D8EDF}.Debug|Any CPU.Build.0 = Debug|Any CPU
		{33BE27F2-755E-438D-AB2E-9EB3ED3D8EDF}.Release|Any CPU.ActiveCfg = Release|Any CPU
		{33BE27F2-755E-438D-AB2E-9EB3ED3D8EDF}.Release|Any CPU.Build.0 = Release|Any CPU
		{755BCA0D-04F6-44D4-8473-FC9B38F5E470}.Debug|Any CPU.ActiveCfg = Debug|Any CPU
		{755BCA0D-04F6-44D4-8473-FC9B38F5E470}.Debug|Any CPU.Build.0 = Debug|Any CPU
		{755BCA0D-04F6-44D4-8473-FC9B38F5E470}.Release|Any CPU.ActiveCfg = Release|Any CPU
		{755BCA0D-04F6-44D4-8473-FC9B38F5E470}.Release|Any CPU.Build.0 = Release|Any CPU
		{3205DA38-50D4-45C2-80FF-AF4237122BDC}.Debug|Any CPU.ActiveCfg = Debug|Any CPU
		{3205DA38-50D4-45C2-80FF-AF4237122BDC}.Debug|Any CPU.Build.0 = Debug|Any CPU
		{3205DA38-50D4-45C2-80FF-AF4237122BDC}.Release|Any CPU.ActiveCfg = Release|Any CPU
		{3205DA38-50D4-45C2-80FF-AF4237122BDC}.Release|Any CPU.Build.0 = Release|Any CPU
	EndGlobalSection
	GlobalSection(SolutionProperties) = preSolution
		HideSolutionNode = FALSE
	EndGlobalSection
	GlobalSection(NestedProjects) = preSolution
		{8FE1E60D-7D6B-44F0-9CC4-5E41B70F03A9} = {DAB01770-8D12-4638-9BBA-ABC31C2A2D6E}
		{749A19C0-9689-4046-9EED-99651D9B413A} = {C9B69233-2086-42C0-BE0E-A7B7EA1934EA}
		{33BE27F2-755E-438D-AB2E-9EB3ED3D8EDF} = {DAB01770-8D12-4638-9BBA-ABC31C2A2D6E}
		{755BCA0D-04F6-44D4-8473-FC9B38F5E470} = {C9B69233-2086-42C0-BE0E-A7B7EA1934EA}
		{3205DA38-50D4-45C2-80FF-AF4237122BDC} = {C9B69233-2086-42C0-BE0E-A7B7EA1934EA}
		{67E8545C-0F2B-4E3D-A6F7-FE3A03AAF644} = {E9CE7133-E0CC-469B-81F9-529EE0AE003D}
	EndGlobalSection
	GlobalSection(ExtensibilityGlobals) = postSolution
		SolutionGuid = {4029E7C4-F013-4A5C-A3A7-9BD01FA6ED4A}
	EndGlobalSection
EndGlobal
